
Microsoft Visual Studio Solution File, Format Version 12.00
# Visual Studio Version 17
VisualStudioVersion = 17.7.34202.233
MinimumVisualStudioVersion = 10.0.40219.1
Project("{FAE04EC0-301F-11D3-BF4B-00C04F79EFBC}") = "DapperExercise", "DapperExercise\DapperExercise.csproj", "{C3C2AD2D-D92E-4FD1-88F8-4B33B3238A35}"
EndProject
Global
	GlobalSection(SolutionConfigurationPlatforms) = preSolution
		Debug|Any CPU = Debug|Any CPU
		Release|Any CPU = Release|Any CPU
	EndGlobalSection
	GlobalSection(ProjectConfigurationPlatforms) = postSolution
		{C3C2AD2D-D92E-4FD1-88F8-4B33B3238A35}.Debug|Any CPU.ActiveCfg = Debug|Any CPU
		{C3C2AD2D-D92E-4FD1-88F8-4B33B3238A35}.Debug|Any CPU.Build.0 = Debug|Any CPU
		{C3C2AD2D-D92E-4FD1-88F8-4B33B3238A35}.Release|Any CPU.ActiveCfg = Release|Any CPU
		{C3C2AD2D-D92E-4FD1-88F8-4B33B3238A35}.Release|Any CPU.Build.0 = Release|Any CPU
	EndGlobalSection
	GlobalSection(SolutionProperties) = preSolution
		HideSolutionNode = FALSE
	EndGlobalSection
	GlobalSection(ExtensibilityGlobals) = postSolution
		SolutionGuid = {475B0467-182D-4267-98F4-4DB01EBAA2D7}
	EndGlobalSection
EndGlobal
